
Microsoft Visual Studio Solution File, Format Version 12.00
# Visual Studio 2017
Project("{FAE04EC0-301F-11D3-BF4B-00C04F79EFBC}") = "ouelletteTerrainProject.Plugins", "ouelletteTerrainProject.Plugins.csproj", "{13BD9D2D-FE78-CB76-7050-CA8D596FCD42}"
EndProject
Project("{FAE04EC0-301F-11D3-BF4B-00C04F79EFBC}") = "ouelletteTerrainProject", "ouelletteTerrainProject.csproj", "{03B65AFB-377A-4424-E99C-DC4FA31B7100}"
EndProject
Project("{FAE04EC0-301F-11D3-BF4B-00C04F79EFBC}") = "ouelletteTerrainProject.Editor.Plugins", "ouelletteTerrainProject.Editor.Plugins.csproj", "{25E89379-E6A7-A126-F603-59193ADF4938}"
EndProject
Global
	GlobalSection(SolutionConfigurationPlatforms) = preSolution
		Debug|Any CPU = Debug|Any CPU
		Release|Any CPU = Release|Any CPU
	EndGlobalSection
	GlobalSection(ProjectConfigurationPlatforms) = postSolution
		{13BD9D2D-FE78-CB76-7050-CA8D596FCD42}.Debug|Any CPU.ActiveCfg = Debug|Any CPU
		{13BD9D2D-FE78-CB76-7050-CA8D596FCD42}.Debug|Any CPU.Build.0 = Debug|Any CPU
		{13BD9D2D-FE78-CB76-7050-CA8D596FCD42}.Release|Any CPU.ActiveCfg = Release|Any CPU
		{13BD9D2D-FE78-CB76-7050-CA8D596FCD42}.Release|Any CPU.Build.0 = Release|Any CPU
		{03B65AFB-377A-4424-E99C-DC4FA31B7100}.Debug|Any CPU.ActiveCfg = Debug|Any CPU
		{03B65AFB-377A-4424-E99C-DC4FA31B7100}.Debug|Any CPU.Build.0 = Debug|Any CPU
		{03B65AFB-377A-4424-E99C-DC4FA31B7100}.Release|Any CPU.ActiveCfg = Release|Any CPU
		{03B65AFB-377A-4424-E99C-DC4FA31B7100}.Release|Any CPU.Build.0 = Release|Any CPU
		{25E89379-E6A7-A126-F603-59193ADF4938}.Debug|Any CPU.ActiveCfg = Debug|Any CPU
		{25E89379-E6A7-A126-F603-59193ADF4938}.Debug|Any CPU.Build.0 = Debug|Any CPU
		{25E89379-E6A7-A126-F603-59193ADF4938}.Release|Any CPU.ActiveCfg = Release|Any CPU
		{25E89379-E6A7-A126-F603-59193ADF4938}.Release|Any CPU.Build.0 = Release|Any CPU
	EndGlobalSection
	GlobalSection(SolutionProperties) = preSolution
		HideSolutionNode = FALSE
	EndGlobalSection
EndGlobal
